
Microsoft Visual Studio Solution File, Format Version 12.00
# Visual Studio 2012
Project("{FAE04EC0-301F-11D3-BF4B-00C04F79EFBC}") = "01.From1toN", "01.From1toN\01.From1toN.csproj", "{B55B57AF-A603-4151-AB8A-C874663FC77E}"
EndProject
Project("{FAE04EC0-301F-11D3-BF4B-00C04F79EFBC}") = "02.NumbersNotDivisibleBy3And7", "02.NumbersNotDivisibleBy3And7\02.NumbersNotDivisibleBy3And7.csproj", "{947476E7-992C-438E-857F-4E3554546786}"
EndProject
Project("{FAE04EC0-301F-11D3-BF4B-00C04F79EFBC}") = "03.MinMaxAndAverageOfN", "03.MinMaxAndAverageOfN\03.MinMaxAndAverageOfN.csproj", "{9BB0C41B-8814-4CC9-A047-2777A0FEBD59}"
EndProject
Project("{FAE04EC0-301F-11D3-BF4B-00C04F79EFBC}") = "04.PrintADeckof52Cards", "04.PrintADeckof52Cards\04.PrintADeckof52Cards.csproj", "{5AB6ADBD-6F8B-4DEF-A88F-0E3A8A2A61EB}"
EndProject
Project("{FAE04EC0-301F-11D3-BF4B-00C04F79EFBC}") = "05.Calculate1", "05.Calculate1\05.Calculate1.csproj", "{F6A644F9-BC14-47ED-BC56-42EE91C7ECB9}"
EndProject
Project("{FAE04EC0-301F-11D3-BF4B-00C04F79EFBC}") = "06.Calculate2", "06.Calculate2\06.Calculate2.csproj", "{85C756B8-0F08-4A24-A134-56634C0C9F5B}"
EndProject
Project("{FAE04EC0-301F-11D3-BF4B-00C04F79EFBC}") = "07.Calculate3", "07.Calculate3\07.Calculate3.csproj", "{11C5B604-9348-40B4-8008-E09D160AEB4E}"
EndProject
Project("{FAE04EC0-301F-11D3-BF4B-00C04F79EFBC}") = "08.CatalanNumbers", "08.CatalanNumbers\08.CatalanNumbers.csproj", "{5AED9ECF-DAAD-43CC-9E38-0D4CDB09854B}"
EndProject
Project("{FAE04EC0-301F-11D3-BF4B-00C04F79EFBC}") = "09.MatrixOfNumbers", "09.MatrixOfNumbers\09.MatrixOfNumbers.csproj", "{9A37CBD9-73A9-4EF8-BCEB-2CE8E3A5F519}"
EndProject
Project("{FAE04EC0-301F-11D3-BF4B-00C04F79EFBC}") = "10.OddAndEvenProduct", "10.OddAndEvenProduct\10.OddAndEvenProduct.csproj", "{9109F2D5-9B3A-4F34-ADC3-C9E1586EE026}"
EndProject
Project("{FAE04EC0-301F-11D3-BF4B-00C04F79EFBC}") = "11.RandomNumberInGivenRange", "11.RandomNumberInGivenRange\11.RandomNumberInGivenRange.csproj", "{A541F2D5-06FA-4A75-B78A-A4D238F40F77}"
EndProject
Project("{FAE04EC0-301F-11D3-BF4B-00C04F79EFBC}") = "12.RandomizeNumbers1toN", "12.RandomizeNumbers1toN\12.RandomizeNumbers1toN.csproj", "{0A6FE484-2C6E-43BA-BCFA-48223E9A963A}"
EndProject
Project("{FAE04EC0-301F-11D3-BF4B-00C04F79EFBC}") = "13.BinaryToDecimalNumber", "13.BinaryToDecimalNumber\13.BinaryToDecimalNumber.csproj", "{C50F0EBB-40DC-4459-99B0-3DF0B7A134E3}"
EndProject
Project("{FAE04EC0-301F-11D3-BF4B-00C04F79EFBC}") = "14.DecimalToBinaryNumber", "14.DecimalToBinaryNumber\14.DecimalToBinaryNumber.csproj", "{5A7715BB-9D2C-40E8-ABCD-ED4750924ECC}"
EndProject
Project("{FAE04EC0-301F-11D3-BF4B-00C04F79EFBC}") = "15.HexademicalToDecimal", "15.HexademicalToDecimal\15.HexademicalToDecimal.csproj", "{8EA3B3FE-FD4A-4513-B1E0-948CD40E3231}"
EndProject
Project("{FAE04EC0-301F-11D3-BF4B-00C04F79EFBC}") = "16.DecimalToHexademical", "16.DecimalToHexademical\16.DecimalToHexademical.csproj", "{06B50320-9E61-4303-AFD9-71FAF6A88669}"
EndProject
Project("{FAE04EC0-301F-11D3-BF4B-00C04F79EFBC}") = "17.CalculateGCD", "17.CalculateGCD\17.CalculateGCD.csproj", "{098A381E-2B55-4984-B990-E7A9AD135100}"
EndProject
Project("{FAE04EC0-301F-11D3-BF4B-00C04F79EFBC}") = "18.TrailingZerosInN", "18.TrailingZerosInN\18.TrailingZerosInN.csproj", "{BFEC16CF-3133-4F41-9D83-2F14B3B53750}"
EndProject
Global
	GlobalSection(SolutionConfigurationPlatforms) = preSolution
		Debug|Any CPU = Debug|Any CPU
		Release|Any CPU = Release|Any CPU
	EndGlobalSection
	GlobalSection(ProjectConfigurationPlatforms) = postSolution
		{B55B57AF-A603-4151-AB8A-C874663FC77E}.Debug|Any CPU.ActiveCfg = Debug|Any CPU
		{B55B57AF-A603-4151-AB8A-C874663FC77E}.Debug|Any CPU.Build.0 = Debug|Any CPU
		{B55B57AF-A603-4151-AB8A-C874663FC77E}.Release|Any CPU.ActiveCfg = Release|Any CPU
		{B55B57AF-A603-4151-AB8A-C874663FC77E}.Release|Any CPU.Build.0 = Release|Any CPU
		{947476E7-992C-438E-857F-4E3554546786}.Debug|Any CPU.ActiveCfg = Debug|Any CPU
		{947476E7-992C-438E-857F-4E3554546786}.Debug|Any CPU.Build.0 = Debug|Any CPU
		{947476E7-992C-438E-857F-4E3554546786}.Release|Any CPU.ActiveCfg = Release|Any CPU
		{947476E7-992C-438E-857F-4E3554546786}.Release|Any CPU.Build.0 = Release|Any CPU
		{9BB0C41B-8814-4CC9-A047-2777A0FEBD59}.Debug|Any CPU.ActiveCfg = Debug|Any CPU
		{9BB0C41B-8814-4CC9-A047-2777A0FEBD59}.Debug|Any CPU.Build.0 = Debug|Any CPU
		{9BB0C41B-8814-4CC9-A047-2777A0FEBD59}.Release|Any CPU.ActiveCfg = Release|Any CPU
		{9BB0C41B-8814-4CC9-A047-2777A0FEBD59}.Release|Any CPU.Build.0 = Release|Any CPU
		{5AB6ADBD-6F8B-4DEF-A88F-0E3A8A2A61EB}.Debug|Any CPU.ActiveCfg = Debug|Any CPU
		{5AB6ADBD-6F8B-4DEF-A88F-0E3A8A2A61EB}.Debug|Any CPU.Build.0 = Debug|Any CPU
		{5AB6ADBD-6F8B-4DEF-A88F-0E3A8A2A61EB}.Release|Any CPU.ActiveCfg = Release|Any CPU
		{5AB6ADBD-6F8B-4DEF-A88F-0E3A8A2A61EB}.Release|Any CPU.Build.0 = Release|Any CPU
		{F6A644F9-BC14-47ED-BC56-42EE91C7ECB9}.Debug|Any CPU.ActiveCfg = Debug|Any CPU
		{F6A644F9-BC14-47ED-BC56-42EE91C7ECB9}.Debug|Any CPU.Build.0 = Debug|Any CPU
		{F6A644F9-BC14-47ED-BC56-42EE91C7ECB9}.Release|Any CPU.ActiveCfg = Release|Any CPU
		{F6A644F9-BC14-47ED-BC56-42EE91C7ECB9}.Release|Any CPU.Build.0 = Release|Any CPU
		{85C756B8-0F08-4A24-A134-56634C0C9F5B}.Debug|Any CPU.ActiveCfg = Debug|Any CPU
		{85C756B8-0F08-4A24-A134-56634C0C9F5B}.Debug|Any CPU.Build.0 = Debug|Any CPU
		{85C756B8-0F08-4A24-A134-56634C0C9F5B}.Release|Any CPU.ActiveCfg = Release|Any CPU
		{85C756B8-0F08-4A24-A134-56634C0C9F5B}.Release|Any CPU.Build.0 = Release|Any CPU
		{11C5B604-9348-40B4-8008-E09D160AEB4E}.Debug|Any CPU.ActiveCfg = Debug|Any CPU
		{11C5B604-9348-40B4-8008-E09D160AEB4E}.Debug|Any CPU.Build.0 = Debug|Any CPU
		{11C5B604-9348-40B4-8008-E09D160AEB4E}.Release|Any CPU.ActiveCfg = Release|Any CPU
		{11C5B604-9348-40B4-8008-E09D160AEB4E}.Release|Any CPU.Build.0 = Release|Any CPU
		{5AED9ECF-DAAD-43CC-9E38-0D4CDB09854B}.Debug|Any CPU.ActiveCfg = Debug|Any CPU
		{5AED9ECF-DAAD-43CC-9E38-0D4CDB09854B}.Debug|Any CPU.Build.0 = Debug|Any CPU
		{5AED9ECF-DAAD-43CC-9E38-0D4CDB09854B}.Release|Any CPU.ActiveCfg = Release|Any CPU
		{5AED9ECF-DAAD-43CC-9E38-0D4CDB09854B}.Release|Any CPU.Build.0 = Release|Any CPU
		{9A37CBD9-73A9-4EF8-BCEB-2CE8E3A5F519}.Debug|Any CPU.ActiveCfg = Debug|Any CPU
		{9A37CBD9-73A9-4EF8-BCEB-2CE8E3A5F519}.Debug|Any CPU.Build.0 = Debug|Any CPU
		{9A37CBD9-73A9-4EF8-BCEB-2CE8E3A5F519}.Release|Any CPU.ActiveCfg = Release|Any CPU
		{9A37CBD9-73A9-4EF8-BCEB-2CE8E3A5F519}.Release|Any CPU.Build.0 = Release|Any CPU
		{9109F2D5-9B3A-4F34-ADC3-C9E1586EE026}.Debug|Any CPU.ActiveCfg = Debug|Any CPU
		{9109F2D5-9B3A-4F34-ADC3-C9E1586EE026}.Debug|Any CPU.Build.0 = Debug|Any CPU
		{9109F2D5-9B3A-4F34-ADC3-C9E1586EE026}.Release|Any CPU.ActiveCfg = Release|Any CPU
		{9109F2D5-9B3A-4F34-ADC3-C9E1586EE026}.Release|Any CPU.Build.0 = Release|Any CPU
		{A541F2D5-06FA-4A75-B78A-A4D238F40F77}.Debug|Any CPU.ActiveCfg = Debug|Any CPU
		{A541F2D5-06FA-4A75-B78A-A4D238F40F77}.Debug|Any CPU.Build.0 = Debug|Any CPU
		{A541F2D5-06FA-4A75-B78A-A4D238F40F77}.Release|Any CPU.ActiveCfg = Release|Any CPU
		{A541F2D5-06FA-4A75-B78A-A4D238F40F77}.Release|Any CPU.Build.0 = Release|Any CPU
		{0A6FE484-2C6E-43BA-BCFA-48223E9A963A}.Debug|Any CPU.ActiveCfg = Debug|Any CPU
		{0A6FE484-2C6E-43BA-BCFA-48223E9A963A}.Debug|Any CPU.Build.0 = Debug|Any CPU
		{0A6FE484-2C6E-43BA-BCFA-48223E9A963A}.Release|Any CPU.ActiveCfg = Release|Any CPU
		{0A6FE484-2C6E-43BA-BCFA-48223E9A963A}.Release|Any CPU.Build.0 = Release|Any CPU
		{C50F0EBB-40DC-4459-99B0-3DF0B7A134E3}.Debug|Any CPU.ActiveCfg = Debug|Any CPU
		{C50F0EBB-40DC-4459-99B0-3DF0B7A134E3}.Debug|Any CPU.Build.0 = Debug|Any CPU
		{C50F0EBB-40DC-4459-99B0-3DF0B7A134E3}.Release|Any CPU.ActiveCfg = Release|Any CPU
		{C50F0EBB-40DC-4459-99B0-3DF0B7A134E3}.Release|Any CPU.Build.0 = Release|Any CPU
		{5A7715BB-9D2C-40E8-ABCD-ED4750924ECC}.Debug|Any CPU.ActiveCfg = Debug|Any CPU
		{5A7715BB-9D2C-40E8-ABCD-ED4750924ECC}.Debug|Any CPU.Build.0 = Debug|Any CPU
		{5A7715BB-9D2C-40E8-ABCD-ED4750924ECC}.Release|Any CPU.ActiveCfg = Release|Any CPU
		{5A7715BB-9D2C-40E8-ABCD-ED4750924ECC}.Release|Any CPU.Build.0 = Release|Any CPU
		{8EA3B3FE-FD4A-4513-B1E0-948CD40E3231}.Debug|Any CPU.ActiveCfg = Debug|Any CPU
		{8EA3B3FE-FD4A-4513-B1E0-948CD40E3231}.Debug|Any CPU.Build.0 = Debug|Any CPU
		{8EA3B3FE-FD4A-4513-B1E0-948CD40E3231}.Release|Any CPU.ActiveCfg = Release|Any CPU
		{8EA3B3FE-FD4A-4513-B1E0-948CD40E3231}.Release|Any CPU.Build.0 = Release|Any CPU
		{06B50320-9E61-4303-AFD9-71FAF6A88669}.Debug|Any CPU.ActiveCfg = Debug|Any CPU
		{06B50320-9E61-4303-AFD9-71FAF6A88669}.Debug|Any CPU.Build.0 = Debug|Any CPU
		{06B50320-9E61-4303-AFD9-71FAF6A88669}.Release|Any CPU.ActiveCfg = Release|Any CPU
		{06B50320-9E61-4303-AFD9-71FAF6A88669}.Release|Any CPU.Build.0 = Release|Any CPU
		{098A381E-2B55-4984-B990-E7A9AD135100}.Debug|Any CPU.ActiveCfg = Debug|Any CPU
		{098A381E-2B55-4984-B990-E7A9AD135100}.Debug|Any CPU.Build.0 = Debug|Any CPU
		{098A381E-2B55-4984-B990-E7A9AD135100}.Release|Any CPU.ActiveCfg = Release|Any CPU
		{098A381E-2B55-4984-B990-E7A9AD135100}.Release|Any CPU.Build.0 = Release|Any CPU
		{BFEC16CF-3133-4F41-9D83-2F14B3B53750}.Debug|Any CPU.ActiveCfg = Debug|Any CPU
		{BFEC16CF-3133-4F41-9D83-2F14B3B53750}.Debug|Any CPU.Build.0 = Debug|Any CPU
		{BFEC16CF-3133-4F41-9D83-2F14B3B53750}.Release|Any CPU.ActiveCfg = Release|Any CPU
		{BFEC16CF-3133-4F41-9D83-2F14B3B53750}.Release|Any CPU.Build.0 = Release|Any CPU
	EndGlobalSection
	GlobalSection(SolutionProperties) = preSolution
		HideSolutionNode = FALSE
	EndGlobalSection
EndGlobal
