
Microsoft Visual Studio Solution File, Format Version 12.00
# Visual Studio 2013
VisualStudioVersion = 12.0.31101.0
MinimumVisualStudioVersion = 10.0.40219.1
Project("{FAE04EC0-301F-11D3-BF4B-00C04F79EFBC}") = "01.School", "01.School\01.School.csproj", "{BCA99229-ACA9-483B-B939-58157C398C83}"
EndProject
Project("{FAE04EC0-301F-11D3-BF4B-00C04F79EFBC}") = "02.Human, Student and Worker", "02.Human, Student and Worker\02.Human, Student and Worker.csproj", "{7EE120DB-D1CE-40D9-AFD0-36934B00F53A}"
EndProject
Project("{FAE04EC0-301F-11D3-BF4B-00C04F79EFBC}") = "03.Animals", "03.Animals\03.Animals.csproj", "{46A61CF6-82B3-43FD-9364-90CADFB39CDF}"
EndProject
Project("{FAE04EC0-301F-11D3-BF4B-00C04F79EFBC}") = "04.CompanyHierarchy", "04.CompanyHierarchy\04.CompanyHierarchy.csproj", "{AC10C20B-6BCA-472A-8DBA-759EACDDAC29}"
EndProject
Global
	GlobalSection(SolutionConfigurationPlatforms) = preSolution
		Debug|Any CPU = Debug|Any CPU
		Release|Any CPU = Release|Any CPU
	EndGlobalSection
	GlobalSection(ProjectConfigurationPlatforms) = postSolution
		{BCA99229-ACA9-483B-B939-58157C398C83}.Debug|Any CPU.ActiveCfg = Debug|Any CPU
		{BCA99229-ACA9-483B-B939-58157C398C83}.Debug|Any CPU.Build.0 = Debug|Any CPU
		{BCA99229-ACA9-483B-B939-58157C398C83}.Release|Any CPU.ActiveCfg = Release|Any CPU
		{BCA99229-ACA9-483B-B939-58157C398C83}.Release|Any CPU.Build.0 = Release|Any CPU
		{7EE120DB-D1CE-40D9-AFD0-36934B00F53A}.Debug|Any CPU.ActiveCfg = Debug|Any CPU
		{7EE120DB-D1CE-40D9-AFD0-36934B00F53A}.Debug|Any CPU.Build.0 = Debug|Any CPU
		{7EE120DB-D1CE-40D9-AFD0-36934B00F53A}.Release|Any CPU.ActiveCfg = Release|Any CPU
		{7EE120DB-D1CE-40D9-AFD0-36934B00F53A}.Release|Any CPU.Build.0 = Release|Any CPU
		{46A61CF6-82B3-43FD-9364-90CADFB39CDF}.Debug|Any CPU.ActiveCfg = Debug|Any CPU
		{46A61CF6-82B3-43FD-9364-90CADFB39CDF}.Debug|Any CPU.Build.0 = Debug|Any CPU
		{46A61CF6-82B3-43FD-9364-90CADFB39CDF}.Release|Any CPU.ActiveCfg = Release|Any CPU
		{46A61CF6-82B3-43FD-9364-90CADFB39CDF}.Release|Any CPU.Build.0 = Release|Any CPU
		{AC10C20B-6BCA-472A-8DBA-759EACDDAC29}.Debug|Any CPU.ActiveCfg = Debug|Any CPU
		{AC10C20B-6BCA-472A-8DBA-759EACDDAC29}.Debug|Any CPU.Build.0 = Debug|Any CPU
		{AC10C20B-6BCA-472A-8DBA-759EACDDAC29}.Release|Any CPU.ActiveCfg = Release|Any CPU
		{AC10C20B-6BCA-472A-8DBA-759EACDDAC29}.Release|Any CPU.Build.0 = Release|Any CPU
	EndGlobalSection
	GlobalSection(SolutionProperties) = preSolution
		HideSolutionNode = FALSE
	EndGlobalSection
EndGlobal
