
Microsoft Visual Studio Solution File, Format Version 12.00
# Visual Studio 2012
Project("{FAE04EC0-301F-11D3-BF4B-00C04F79EFBC}") = "01.DeclareVariables", "Declare Variables\01.DeclareVariables.csproj", "{75B2B084-DFFB-4367-A3DC-2F33EC4D98BD}"
EndProject
Project("{FAE04EC0-301F-11D3-BF4B-00C04F79EFBC}") = "02.FloatOrDouble", "Float or Double\02.FloatOrDouble.csproj", "{16D9FEDC-0FD3-400D-8F3F-BB0466F56441}"
EndProject
Project("{FAE04EC0-301F-11D3-BF4B-00C04F79EFBC}") = "03.VariableInHexFormat", "Problem03\03.VariableInHexFormat.csproj", "{CFD170CB-AE9D-40D1-BBF8-94DEDAF82C71}"
EndProject
Project("{FAE04EC0-301F-11D3-BF4B-00C04F79EFBC}") = "04.UnicodeCharacter", "Problem04\04.UnicodeCharacter.csproj", "{BC03D94C-683B-4E00-98DE-FF90BCD8AA8C}"
EndProject
Project("{FAE04EC0-301F-11D3-BF4B-00C04F79EFBC}") = "05.BooleanVariable", "Problem05\05.BooleanVariable.csproj", "{2AB157AB-84BB-4EA8-9D01-88D67B9CD05E}"
EndProject
Project("{FAE04EC0-301F-11D3-BF4B-00C04F79EFBC}") = "06.StringsAndObjects", "Problem06\06.StringsAndObjects.csproj", "{95AF7650-CEC0-472C-9CF5-7445F37615CB}"
EndProject
Project("{FAE04EC0-301F-11D3-BF4B-00C04F79EFBC}") = "07.QuotesInString", "Problem07\07.QuotesInString.csproj", "{54AFFCC6-70E8-49EA-B871-A317BCE40017}"
EndProject
Project("{FAE04EC0-301F-11D3-BF4B-00C04F79EFBC}") = "08.IsoscelesTriangle", "Problem08\08.IsoscelesTriangle.csproj", "{9C1F29C9-1D3F-4F67-9D7C-F8266C8A74F3}"
EndProject
Project("{FAE04EC0-301F-11D3-BF4B-00C04F79EFBC}") = "09.ExchangeVariableValues", "09.ExchangeVariableValues\09.ExchangeVariableValues.csproj", "{24166557-1610-422F-BE77-041B0099F4D4}"
EndProject
Project("{FAE04EC0-301F-11D3-BF4B-00C04F79EFBC}") = "10.EmployeeData", "10.EmployeeData\10.EmployeeData.csproj", "{BD863AC1-5F84-4C8D-BB77-9CCBAA31848E}"
EndProject
Project("{FAE04EC0-301F-11D3-BF4B-00C04F79EFBC}") = "11.BankAccountData", "11.BankAccountData\11.BankAccountData.csproj", "{CF897E89-6CB6-44EC-9083-580B8C35A9B6}"
EndProject
Project("{FAE04EC0-301F-11D3-BF4B-00C04F79EFBC}") = "12.NullValuesArithmetic", "12.NullValuesArithmetic\12.NullValuesArithmetic.csproj", "{F4E2FCAA-EC02-40B9-832E-030F11962D0B}"
EndProject
Project("{FAE04EC0-301F-11D3-BF4B-00C04F79EFBC}") = "13.ComparingFloats", "13.ComparingFloats\13.ComparingFloats.csproj", "{B868709D-E018-489F-8B1E-06F4EC68D8BB}"
EndProject
Project("{FAE04EC0-301F-11D3-BF4B-00C04F79EFBC}") = "14.PrintASCIITable", "14.PrintASCIITable\14.PrintASCIITable.csproj", "{5F97D339-4675-4E1A-AE3A-59023467940C}"
EndProject
Project("{FAE04EC0-301F-11D3-BF4B-00C04F79EFBC}") = "15.JoroTheFutballPlayer", "15.JoroTheFutballPlayer\15.JoroTheFutballPlayer.csproj", "{1487BFF7-9AF8-49DA-B7C5-9DC38F1F9E73}"
EndProject
Project("{FAE04EC0-301F-11D3-BF4B-00C04F79EFBC}") = "16.HalfSum", "16.HalfSum\16.HalfSum.csproj", "{2341F581-70FC-41E7-9BBC-C0C82E6C9231}"
EndProject
Project("{FAE04EC0-301F-11D3-BF4B-00C04F79EFBC}") = "17.Sunglasses", "17.Sunglasses\17.Sunglasses.csproj", "{ED876890-0FAA-4220-BC53-2957C267EE2A}"
EndProject
Global
	GlobalSection(SolutionConfigurationPlatforms) = preSolution
		Debug|Any CPU = Debug|Any CPU
		Release|Any CPU = Release|Any CPU
	EndGlobalSection
	GlobalSection(ProjectConfigurationPlatforms) = postSolution
		{75B2B084-DFFB-4367-A3DC-2F33EC4D98BD}.Debug|Any CPU.ActiveCfg = Debug|Any CPU
		{75B2B084-DFFB-4367-A3DC-2F33EC4D98BD}.Debug|Any CPU.Build.0 = Debug|Any CPU
		{75B2B084-DFFB-4367-A3DC-2F33EC4D98BD}.Release|Any CPU.ActiveCfg = Release|Any CPU
		{75B2B084-DFFB-4367-A3DC-2F33EC4D98BD}.Release|Any CPU.Build.0 = Release|Any CPU
		{16D9FEDC-0FD3-400D-8F3F-BB0466F56441}.Debug|Any CPU.ActiveCfg = Debug|Any CPU
		{16D9FEDC-0FD3-400D-8F3F-BB0466F56441}.Debug|Any CPU.Build.0 = Debug|Any CPU
		{16D9FEDC-0FD3-400D-8F3F-BB0466F56441}.Release|Any CPU.ActiveCfg = Release|Any CPU
		{16D9FEDC-0FD3-400D-8F3F-BB0466F56441}.Release|Any CPU.Build.0 = Release|Any CPU
		{CFD170CB-AE9D-40D1-BBF8-94DEDAF82C71}.Debug|Any CPU.ActiveCfg = Debug|Any CPU
		{CFD170CB-AE9D-40D1-BBF8-94DEDAF82C71}.Debug|Any CPU.Build.0 = Debug|Any CPU
		{CFD170CB-AE9D-40D1-BBF8-94DEDAF82C71}.Release|Any CPU.ActiveCfg = Release|Any CPU
		{CFD170CB-AE9D-40D1-BBF8-94DEDAF82C71}.Release|Any CPU.Build.0 = Release|Any CPU
		{BC03D94C-683B-4E00-98DE-FF90BCD8AA8C}.Debug|Any CPU.ActiveCfg = Debug|Any CPU
		{BC03D94C-683B-4E00-98DE-FF90BCD8AA8C}.Debug|Any CPU.Build.0 = Debug|Any CPU
		{BC03D94C-683B-4E00-98DE-FF90BCD8AA8C}.Release|Any CPU.ActiveCfg = Release|Any CPU
		{BC03D94C-683B-4E00-98DE-FF90BCD8AA8C}.Release|Any CPU.Build.0 = Release|Any CPU
		{2AB157AB-84BB-4EA8-9D01-88D67B9CD05E}.Debug|Any CPU.ActiveCfg = Debug|Any CPU
		{2AB157AB-84BB-4EA8-9D01-88D67B9CD05E}.Debug|Any CPU.Build.0 = Debug|Any CPU
		{2AB157AB-84BB-4EA8-9D01-88D67B9CD05E}.Release|Any CPU.ActiveCfg = Release|Any CPU
		{2AB157AB-84BB-4EA8-9D01-88D67B9CD05E}.Release|Any CPU.Build.0 = Release|Any CPU
		{95AF7650-CEC0-472C-9CF5-7445F37615CB}.Debug|Any CPU.ActiveCfg = Debug|Any CPU
		{95AF7650-CEC0-472C-9CF5-7445F37615CB}.Debug|Any CPU.Build.0 = Debug|Any CPU
		{95AF7650-CEC0-472C-9CF5-7445F37615CB}.Release|Any CPU.ActiveCfg = Release|Any CPU
		{95AF7650-CEC0-472C-9CF5-7445F37615CB}.Release|Any CPU.Build.0 = Release|Any CPU
		{54AFFCC6-70E8-49EA-B871-A317BCE40017}.Debug|Any CPU.ActiveCfg = Debug|Any CPU
		{54AFFCC6-70E8-49EA-B871-A317BCE40017}.Debug|Any CPU.Build.0 = Debug|Any CPU
		{54AFFCC6-70E8-49EA-B871-A317BCE40017}.Release|Any CPU.ActiveCfg = Release|Any CPU
		{54AFFCC6-70E8-49EA-B871-A317BCE40017}.Release|Any CPU.Build.0 = Release|Any CPU
		{9C1F29C9-1D3F-4F67-9D7C-F8266C8A74F3}.Debug|Any CPU.ActiveCfg = Debug|Any CPU
		{9C1F29C9-1D3F-4F67-9D7C-F8266C8A74F3}.Debug|Any CPU.Build.0 = Debug|Any CPU
		{9C1F29C9-1D3F-4F67-9D7C-F8266C8A74F3}.Release|Any CPU.ActiveCfg = Release|Any CPU
		{9C1F29C9-1D3F-4F67-9D7C-F8266C8A74F3}.Release|Any CPU.Build.0 = Release|Any CPU
		{24166557-1610-422F-BE77-041B0099F4D4}.Debug|Any CPU.ActiveCfg = Debug|Any CPU
		{24166557-1610-422F-BE77-041B0099F4D4}.Debug|Any CPU.Build.0 = Debug|Any CPU
		{24166557-1610-422F-BE77-041B0099F4D4}.Release|Any CPU.ActiveCfg = Release|Any CPU
		{24166557-1610-422F-BE77-041B0099F4D4}.Release|Any CPU.Build.0 = Release|Any CPU
		{BD863AC1-5F84-4C8D-BB77-9CCBAA31848E}.Debug|Any CPU.ActiveCfg = Debug|Any CPU
		{BD863AC1-5F84-4C8D-BB77-9CCBAA31848E}.Debug|Any CPU.Build.0 = Debug|Any CPU
		{BD863AC1-5F84-4C8D-BB77-9CCBAA31848E}.Release|Any CPU.ActiveCfg = Release|Any CPU
		{BD863AC1-5F84-4C8D-BB77-9CCBAA31848E}.Release|Any CPU.Build.0 = Release|Any CPU
		{CF897E89-6CB6-44EC-9083-580B8C35A9B6}.Debug|Any CPU.ActiveCfg = Debug|Any CPU
		{CF897E89-6CB6-44EC-9083-580B8C35A9B6}.Debug|Any CPU.Build.0 = Debug|Any CPU
		{CF897E89-6CB6-44EC-9083-580B8C35A9B6}.Release|Any CPU.ActiveCfg = Release|Any CPU
		{CF897E89-6CB6-44EC-9083-580B8C35A9B6}.Release|Any CPU.Build.0 = Release|Any CPU
		{F4E2FCAA-EC02-40B9-832E-030F11962D0B}.Debug|Any CPU.ActiveCfg = Debug|Any CPU
		{F4E2FCAA-EC02-40B9-832E-030F11962D0B}.Debug|Any CPU.Build.0 = Debug|Any CPU
		{F4E2FCAA-EC02-40B9-832E-030F11962D0B}.Release|Any CPU.ActiveCfg = Release|Any CPU
		{F4E2FCAA-EC02-40B9-832E-030F11962D0B}.Release|Any CPU.Build.0 = Release|Any CPU
		{B868709D-E018-489F-8B1E-06F4EC68D8BB}.Debug|Any CPU.ActiveCfg = Debug|Any CPU
		{B868709D-E018-489F-8B1E-06F4EC68D8BB}.Debug|Any CPU.Build.0 = Debug|Any CPU
		{B868709D-E018-489F-8B1E-06F4EC68D8BB}.Release|Any CPU.ActiveCfg = Release|Any CPU
		{B868709D-E018-489F-8B1E-06F4EC68D8BB}.Release|Any CPU.Build.0 = Release|Any CPU
		{5F97D339-4675-4E1A-AE3A-59023467940C}.Debug|Any CPU.ActiveCfg = Debug|Any CPU
		{5F97D339-4675-4E1A-AE3A-59023467940C}.Debug|Any CPU.Build.0 = Debug|Any CPU
		{5F97D339-4675-4E1A-AE3A-59023467940C}.Release|Any CPU.ActiveCfg = Release|Any CPU
		{5F97D339-4675-4E1A-AE3A-59023467940C}.Release|Any CPU.Build.0 = Release|Any CPU
		{1487BFF7-9AF8-49DA-B7C5-9DC38F1F9E73}.Debug|Any CPU.ActiveCfg = Debug|Any CPU
		{1487BFF7-9AF8-49DA-B7C5-9DC38F1F9E73}.Debug|Any CPU.Build.0 = Debug|Any CPU
		{1487BFF7-9AF8-49DA-B7C5-9DC38F1F9E73}.Release|Any CPU.ActiveCfg = Release|Any CPU
		{1487BFF7-9AF8-49DA-B7C5-9DC38F1F9E73}.Release|Any CPU.Build.0 = Release|Any CPU
		{2341F581-70FC-41E7-9BBC-C0C82E6C9231}.Debug|Any CPU.ActiveCfg = Debug|Any CPU
		{2341F581-70FC-41E7-9BBC-C0C82E6C9231}.Debug|Any CPU.Build.0 = Debug|Any CPU
		{2341F581-70FC-41E7-9BBC-C0C82E6C9231}.Release|Any CPU.ActiveCfg = Release|Any CPU
		{2341F581-70FC-41E7-9BBC-C0C82E6C9231}.Release|Any CPU.Build.0 = Release|Any CPU
		{ED876890-0FAA-4220-BC53-2957C267EE2A}.Debug|Any CPU.ActiveCfg = Debug|Any CPU
		{ED876890-0FAA-4220-BC53-2957C267EE2A}.Debug|Any CPU.Build.0 = Debug|Any CPU
		{ED876890-0FAA-4220-BC53-2957C267EE2A}.Release|Any CPU.ActiveCfg = Release|Any CPU
		{ED876890-0FAA-4220-BC53-2957C267EE2A}.Release|Any CPU.Build.0 = Release|Any CPU
	EndGlobalSection
	GlobalSection(SolutionProperties) = preSolution
		HideSolutionNode = FALSE
	EndGlobalSection
EndGlobal
