
Microsoft Visual Studio Solution File, Format Version 12.00
# Visual Studio 14
VisualStudioVersion = 14.0.24720.0
MinimumVisualStudioVersion = 10.0.40219.1
Project("{FAE04EC0-301F-11D3-BF4B-00C04F79EFBC}") = "01.ReverseNumbersWithStack", "01.ReverseNumbersWithStack\01.ReverseNumbersWithStack.csproj", "{565910D0-5D70-4682-A1F5-51719975CB2C}"
EndProject
Project("{FAE04EC0-301F-11D3-BF4B-00C04F79EFBC}") = "02.CalculateSequenceWithQueue", "02.CalculateSequenceWithQueue\02.CalculateSequenceWithQueue.csproj", "{165EFC21-EC28-49CC-84CE-5D75FF84B35F}"
EndProject
Project("{FAE04EC0-301F-11D3-BF4B-00C04F79EFBC}") = "03.ImplementArrayBasedStack", "03.ImplementArrayBasedStack\03.ImplementArrayBasedStack.csproj", "{9162CA03-13D4-4CA2-B720-61B674761D9B}"
EndProject
Project("{FAE04EC0-301F-11D3-BF4B-00C04F79EFBC}") = "04.ArrayBasedStack.Tests", "04.ArrayBasedStack.Tests\04.ArrayBasedStack.Tests.csproj", "{0587F766-7427-4A6E-87F5-0B97602A7AF1}"
EndProject
Project("{FAE04EC0-301F-11D3-BF4B-00C04F79EFBC}") = "05.LinkedStack", "05.LinkedStack\05.LinkedStack.csproj", "{5E985046-9E83-4DD7-8628-914F158FA614}"
EndProject
Project("{FAE04EC0-301F-11D3-BF4B-00C04F79EFBC}") = "06.LinkedStack.Tests", "06.LinkedStack.Tests\06.LinkedStack.Tests.csproj", "{F8388796-7D87-4561-BE3B-3222409ADA08}"
EndProject
Project("{FAE04EC0-301F-11D3-BF4B-00C04F79EFBC}") = "07.LinkedQueue", "07.LinkedQueue\07.LinkedQueue.csproj", "{B4C8FA7B-1205-4961-BED3-22FCB021D660}"
EndProject
Project("{FAE04EC0-301F-11D3-BF4B-00C04F79EFBC}") = "08.LinkedQueue.Tests", "08.LinkedQueue.Tests\08.LinkedQueue.Tests.csproj", "{C373C120-D33B-48B7-AC45-15D8427BE58B}"
EndProject
Global
	GlobalSection(SolutionConfigurationPlatforms) = preSolution
		Debug|Any CPU = Debug|Any CPU
		Release|Any CPU = Release|Any CPU
	EndGlobalSection
	GlobalSection(ProjectConfigurationPlatforms) = postSolution
		{565910D0-5D70-4682-A1F5-51719975CB2C}.Debug|Any CPU.ActiveCfg = Debug|Any CPU
		{565910D0-5D70-4682-A1F5-51719975CB2C}.Debug|Any CPU.Build.0 = Debug|Any CPU
		{565910D0-5D70-4682-A1F5-51719975CB2C}.Release|Any CPU.ActiveCfg = Release|Any CPU
		{565910D0-5D70-4682-A1F5-51719975CB2C}.Release|Any CPU.Build.0 = Release|Any CPU
		{165EFC21-EC28-49CC-84CE-5D75FF84B35F}.Debug|Any CPU.ActiveCfg = Debug|Any CPU
		{165EFC21-EC28-49CC-84CE-5D75FF84B35F}.Debug|Any CPU.Build.0 = Debug|Any CPU
		{165EFC21-EC28-49CC-84CE-5D75FF84B35F}.Release|Any CPU.ActiveCfg = Release|Any CPU
		{165EFC21-EC28-49CC-84CE-5D75FF84B35F}.Release|Any CPU.Build.0 = Release|Any CPU
		{9162CA03-13D4-4CA2-B720-61B674761D9B}.Debug|Any CPU.ActiveCfg = Debug|Any CPU
		{9162CA03-13D4-4CA2-B720-61B674761D9B}.Debug|Any CPU.Build.0 = Debug|Any CPU
		{9162CA03-13D4-4CA2-B720-61B674761D9B}.Release|Any CPU.ActiveCfg = Release|Any CPU
		{9162CA03-13D4-4CA2-B720-61B674761D9B}.Release|Any CPU.Build.0 = Release|Any CPU
		{0587F766-7427-4A6E-87F5-0B97602A7AF1}.Debug|Any CPU.ActiveCfg = Debug|Any CPU
		{0587F766-7427-4A6E-87F5-0B97602A7AF1}.Debug|Any CPU.Build.0 = Debug|Any CPU
		{0587F766-7427-4A6E-87F5-0B97602A7AF1}.Release|Any CPU.ActiveCfg = Release|Any CPU
		{0587F766-7427-4A6E-87F5-0B97602A7AF1}.Release|Any CPU.Build.0 = Release|Any CPU
		{5E985046-9E83-4DD7-8628-914F158FA614}.Debug|Any CPU.ActiveCfg = Debug|Any CPU
		{5E985046-9E83-4DD7-8628-914F158FA614}.Debug|Any CPU.Build.0 = Debug|Any CPU
		{5E985046-9E83-4DD7-8628-914F158FA614}.Release|Any CPU.ActiveCfg = Release|Any CPU
		{5E985046-9E83-4DD7-8628-914F158FA614}.Release|Any CPU.Build.0 = Release|Any CPU
		{F8388796-7D87-4561-BE3B-3222409ADA08}.Debug|Any CPU.ActiveCfg = Debug|Any CPU
		{F8388796-7D87-4561-BE3B-3222409ADA08}.Debug|Any CPU.Build.0 = Debug|Any CPU
		{F8388796-7D87-4561-BE3B-3222409ADA08}.Release|Any CPU.ActiveCfg = Release|Any CPU
		{F8388796-7D87-4561-BE3B-3222409ADA08}.Release|Any CPU.Build.0 = Release|Any CPU
		{B4C8FA7B-1205-4961-BED3-22FCB021D660}.Debug|Any CPU.ActiveCfg = Debug|Any CPU
		{B4C8FA7B-1205-4961-BED3-22FCB021D660}.Debug|Any CPU.Build.0 = Debug|Any CPU
		{B4C8FA7B-1205-4961-BED3-22FCB021D660}.Release|Any CPU.ActiveCfg = Release|Any CPU
		{B4C8FA7B-1205-4961-BED3-22FCB021D660}.Release|Any CPU.Build.0 = Release|Any CPU
		{C373C120-D33B-48B7-AC45-15D8427BE58B}.Debug|Any CPU.ActiveCfg = Debug|Any CPU
		{C373C120-D33B-48B7-AC45-15D8427BE58B}.Debug|Any CPU.Build.0 = Debug|Any CPU
		{C373C120-D33B-48B7-AC45-15D8427BE58B}.Release|Any CPU.ActiveCfg = Release|Any CPU
		{C373C120-D33B-48B7-AC45-15D8427BE58B}.Release|Any CPU.Build.0 = Release|Any CPU
	EndGlobalSection
	GlobalSection(SolutionProperties) = preSolution
		HideSolutionNode = FALSE
	EndGlobalSection
EndGlobal
