
Microsoft Visual Studio Solution File, Format Version 12.00
# Visual Studio 2012
Project("{FAE04EC0-301F-11D3-BF4B-00C04F79EFBC}") = "01.OddOrEven", "01.OddOrEven\01.OddOrEven.csproj", "{131DA25D-E41E-4623-9C66-C6C4DEED5D3C}"
EndProject
Project("{FAE04EC0-301F-11D3-BF4B-00C04F79EFBC}") = "02.GravitationOnTheMoon", "02.GravitationOnTheMoon\02.GravitationOnTheMoon.csproj", "{EB4CE003-AF08-4FDA-B092-1734B92B4DB3}"
EndProject
Project("{FAE04EC0-301F-11D3-BF4B-00C04F79EFBC}") = "03.DivideBy7And5", "03.DivideBy7And5\03.DivideBy7And5.csproj", "{BCB8876C-2356-4376-86CC-AE925D455DA5}"
EndProject
Project("{FAE04EC0-301F-11D3-BF4B-00C04F79EFBC}") = "04.Rectangles", "04.Rectangles\04.Rectangles.csproj", "{D2027BE3-3EE6-4843-924D-B4F17A7235E8}"
EndProject
Project("{FAE04EC0-301F-11D3-BF4B-00C04F79EFBC}") = "05.ThirdDigitIs7", "05.ThirdDigitIs7\05.ThirdDigitIs7.csproj", "{7C96FB15-7B79-4355-A433-A509A9924D02}"
EndProject
Project("{FAE04EC0-301F-11D3-BF4B-00C04F79EFBC}") = "06.Four-DigitNumber", "06.Four-DigitNumber\06.Four-DigitNumber.csproj", "{51380377-5645-471A-A4D1-4D6163EE2E05}"
EndProject
Project("{FAE04EC0-301F-11D3-BF4B-00C04F79EFBC}") = "07.PointInACircle", "07.PointInACircle\07.PointInACircle.csproj", "{96641BF2-799A-4D72-AC38-496E81709679}"
EndProject
Project("{FAE04EC0-301F-11D3-BF4B-00C04F79EFBC}") = "08.PrimeNumberCheck", "08.PrimeNumberCheck\08.PrimeNumberCheck.csproj", "{8A799520-E16E-4543-B406-E12924492086}"
EndProject
Project("{FAE04EC0-301F-11D3-BF4B-00C04F79EFBC}") = "09.Trapezoids", "09.Trapezoids\09.Trapezoids.csproj", "{741BE3B8-DB2B-47AE-987E-5B750C7BB9ED}"
EndProject
Project("{FAE04EC0-301F-11D3-BF4B-00C04F79EFBC}") = "10.InsideACircleAndOutsideRectangle", "10.InsideACircleAndOutsideRectangle\10.InsideACircleAndOutsideRectangle.csproj", "{6819A02C-DBD4-42BF-B6B4-D7D270FCFF11}"
EndProject
Project("{FAE04EC0-301F-11D3-BF4B-00C04F79EFBC}") = "11.BitwiseExtractBit3", "11.BitwiseExtractBit3\11.BitwiseExtractBit3.csproj", "{D599B1CE-6606-48F0-AAC8-F07F5EBDC9CC}"
EndProject
Project("{FAE04EC0-301F-11D3-BF4B-00C04F79EFBC}") = "12.ExtractBitFromInteger", "12.ExtractBitFromInteger\12.ExtractBitFromInteger.csproj", "{1D29D6FC-E444-4CC9-852E-C22F8A478099}"
EndProject
Project("{FAE04EC0-301F-11D3-BF4B-00C04F79EFBC}") = "13.CheckABitAtGivenPosition", "13.CheckABitAtGivenPosition\13.CheckABitAtGivenPosition.csproj", "{21F073D4-EABC-4D26-AB53-D77256F9FBE2}"
EndProject
Project("{FAE04EC0-301F-11D3-BF4B-00C04F79EFBC}") = "14.ModifyABitAtGivenPosition", "14.ModifyABitAtGivenPosition\14.ModifyABitAtGivenPosition.csproj", "{C6132AE7-BBEE-4C88-9BCF-6963CF7C9E2F}"
EndProject
Global
	GlobalSection(SolutionConfigurationPlatforms) = preSolution
		Debug|Any CPU = Debug|Any CPU
		Release|Any CPU = Release|Any CPU
	EndGlobalSection
	GlobalSection(ProjectConfigurationPlatforms) = postSolution
		{131DA25D-E41E-4623-9C66-C6C4DEED5D3C}.Debug|Any CPU.ActiveCfg = Debug|Any CPU
		{131DA25D-E41E-4623-9C66-C6C4DEED5D3C}.Debug|Any CPU.Build.0 = Debug|Any CPU
		{131DA25D-E41E-4623-9C66-C6C4DEED5D3C}.Release|Any CPU.ActiveCfg = Release|Any CPU
		{131DA25D-E41E-4623-9C66-C6C4DEED5D3C}.Release|Any CPU.Build.0 = Release|Any CPU
		{EB4CE003-AF08-4FDA-B092-1734B92B4DB3}.Debug|Any CPU.ActiveCfg = Debug|Any CPU
		{EB4CE003-AF08-4FDA-B092-1734B92B4DB3}.Debug|Any CPU.Build.0 = Debug|Any CPU
		{EB4CE003-AF08-4FDA-B092-1734B92B4DB3}.Release|Any CPU.ActiveCfg = Release|Any CPU
		{EB4CE003-AF08-4FDA-B092-1734B92B4DB3}.Release|Any CPU.Build.0 = Release|Any CPU
		{BCB8876C-2356-4376-86CC-AE925D455DA5}.Debug|Any CPU.ActiveCfg = Debug|Any CPU
		{BCB8876C-2356-4376-86CC-AE925D455DA5}.Debug|Any CPU.Build.0 = Debug|Any CPU
		{BCB8876C-2356-4376-86CC-AE925D455DA5}.Release|Any CPU.ActiveCfg = Release|Any CPU
		{BCB8876C-2356-4376-86CC-AE925D455DA5}.Release|Any CPU.Build.0 = Release|Any CPU
		{D2027BE3-3EE6-4843-924D-B4F17A7235E8}.Debug|Any CPU.ActiveCfg = Debug|Any CPU
		{D2027BE3-3EE6-4843-924D-B4F17A7235E8}.Debug|Any CPU.Build.0 = Debug|Any CPU
		{D2027BE3-3EE6-4843-924D-B4F17A7235E8}.Release|Any CPU.ActiveCfg = Release|Any CPU
		{D2027BE3-3EE6-4843-924D-B4F17A7235E8}.Release|Any CPU.Build.0 = Release|Any CPU
		{7C96FB15-7B79-4355-A433-A509A9924D02}.Debug|Any CPU.ActiveCfg = Debug|Any CPU
		{7C96FB15-7B79-4355-A433-A509A9924D02}.Debug|Any CPU.Build.0 = Debug|Any CPU
		{7C96FB15-7B79-4355-A433-A509A9924D02}.Release|Any CPU.ActiveCfg = Release|Any CPU
		{7C96FB15-7B79-4355-A433-A509A9924D02}.Release|Any CPU.Build.0 = Release|Any CPU
		{51380377-5645-471A-A4D1-4D6163EE2E05}.Debug|Any CPU.ActiveCfg = Debug|Any CPU
		{51380377-5645-471A-A4D1-4D6163EE2E05}.Debug|Any CPU.Build.0 = Debug|Any CPU
		{51380377-5645-471A-A4D1-4D6163EE2E05}.Release|Any CPU.ActiveCfg = Release|Any CPU
		{51380377-5645-471A-A4D1-4D6163EE2E05}.Release|Any CPU.Build.0 = Release|Any CPU
		{96641BF2-799A-4D72-AC38-496E81709679}.Debug|Any CPU.ActiveCfg = Debug|Any CPU
		{96641BF2-799A-4D72-AC38-496E81709679}.Debug|Any CPU.Build.0 = Debug|Any CPU
		{96641BF2-799A-4D72-AC38-496E81709679}.Release|Any CPU.ActiveCfg = Release|Any CPU
		{96641BF2-799A-4D72-AC38-496E81709679}.Release|Any CPU.Build.0 = Release|Any CPU
		{8A799520-E16E-4543-B406-E12924492086}.Debug|Any CPU.ActiveCfg = Debug|Any CPU
		{8A799520-E16E-4543-B406-E12924492086}.Debug|Any CPU.Build.0 = Debug|Any CPU
		{8A799520-E16E-4543-B406-E12924492086}.Release|Any CPU.ActiveCfg = Release|Any CPU
		{8A799520-E16E-4543-B406-E12924492086}.Release|Any CPU.Build.0 = Release|Any CPU
		{741BE3B8-DB2B-47AE-987E-5B750C7BB9ED}.Debug|Any CPU.ActiveCfg = Debug|Any CPU
		{741BE3B8-DB2B-47AE-987E-5B750C7BB9ED}.Debug|Any CPU.Build.0 = Debug|Any CPU
		{741BE3B8-DB2B-47AE-987E-5B750C7BB9ED}.Release|Any CPU.ActiveCfg = Release|Any CPU
		{741BE3B8-DB2B-47AE-987E-5B750C7BB9ED}.Release|Any CPU.Build.0 = Release|Any CPU
		{6819A02C-DBD4-42BF-B6B4-D7D270FCFF11}.Debug|Any CPU.ActiveCfg = Debug|Any CPU
		{6819A02C-DBD4-42BF-B6B4-D7D270FCFF11}.Debug|Any CPU.Build.0 = Debug|Any CPU
		{6819A02C-DBD4-42BF-B6B4-D7D270FCFF11}.Release|Any CPU.ActiveCfg = Release|Any CPU
		{6819A02C-DBD4-42BF-B6B4-D7D270FCFF11}.Release|Any CPU.Build.0 = Release|Any CPU
		{D599B1CE-6606-48F0-AAC8-F07F5EBDC9CC}.Debug|Any CPU.ActiveCfg = Debug|Any CPU
		{D599B1CE-6606-48F0-AAC8-F07F5EBDC9CC}.Debug|Any CPU.Build.0 = Debug|Any CPU
		{D599B1CE-6606-48F0-AAC8-F07F5EBDC9CC}.Release|Any CPU.ActiveCfg = Release|Any CPU
		{D599B1CE-6606-48F0-AAC8-F07F5EBDC9CC}.Release|Any CPU.Build.0 = Release|Any CPU
		{1D29D6FC-E444-4CC9-852E-C22F8A478099}.Debug|Any CPU.ActiveCfg = Debug|Any CPU
		{1D29D6FC-E444-4CC9-852E-C22F8A478099}.Debug|Any CPU.Build.0 = Debug|Any CPU
		{1D29D6FC-E444-4CC9-852E-C22F8A478099}.Release|Any CPU.ActiveCfg = Release|Any CPU
		{1D29D6FC-E444-4CC9-852E-C22F8A478099}.Release|Any CPU.Build.0 = Release|Any CPU
		{21F073D4-EABC-4D26-AB53-D77256F9FBE2}.Debug|Any CPU.ActiveCfg = Debug|Any CPU
		{21F073D4-EABC-4D26-AB53-D77256F9FBE2}.Debug|Any CPU.Build.0 = Debug|Any CPU
		{21F073D4-EABC-4D26-AB53-D77256F9FBE2}.Release|Any CPU.ActiveCfg = Release|Any CPU
		{21F073D4-EABC-4D26-AB53-D77256F9FBE2}.Release|Any CPU.Build.0 = Release|Any CPU
		{C6132AE7-BBEE-4C88-9BCF-6963CF7C9E2F}.Debug|Any CPU.ActiveCfg = Debug|Any CPU
		{C6132AE7-BBEE-4C88-9BCF-6963CF7C9E2F}.Debug|Any CPU.Build.0 = Debug|Any CPU
		{C6132AE7-BBEE-4C88-9BCF-6963CF7C9E2F}.Release|Any CPU.ActiveCfg = Release|Any CPU
		{C6132AE7-BBEE-4C88-9BCF-6963CF7C9E2F}.Release|Any CPU.Build.0 = Release|Any CPU
	EndGlobalSection
	GlobalSection(SolutionProperties) = preSolution
		HideSolutionNode = FALSE
	EndGlobalSection
EndGlobal
