
Microsoft Visual Studio Solution File, Format Version 12.00
# Visual Studio 2013
VisualStudioVersion = 12.0.31101.0
MinimumVisualStudioVersion = 10.0.40219.1
Project("{FAE04EC0-301F-11D3-BF4B-00C04F79EFBC}") = "01.GalacticGPS", "01.GalacticGPS\01.GalacticGPS.csproj", "{22C19197-E977-494E-8B19-10B144B61B01}"
EndProject
Project("{FAE04EC0-301F-11D3-BF4B-00C04F79EFBC}") = "02.FractionCalculator", "02.FractionCalculator\02.FractionCalculator.csproj", "{9A7B67DF-6052-4EE6-AA7B-6606A90D2656}"
EndProject
Project("{FAE04EC0-301F-11D3-BF4B-00C04F79EFBC}") = "03.GenericList", "03.GenericList\03.GenericList.csproj", "{ACB1C89F-D5E6-486C-9D85-C68BC2CF5A87}"
EndProject
Project("{FAE04EC0-301F-11D3-BF4B-00C04F79EFBC}") = "04.GenericListVersion", "04.GenericListVersion\04.GenericListVersion.csproj", "{00E79CC8-DD16-4E66-97C9-5F8F22E7DD61}"
EndProject
Global
	GlobalSection(SolutionConfigurationPlatforms) = preSolution
		Debug|Any CPU = Debug|Any CPU
		Release|Any CPU = Release|Any CPU
	EndGlobalSection
	GlobalSection(ProjectConfigurationPlatforms) = postSolution
		{22C19197-E977-494E-8B19-10B144B61B01}.Debug|Any CPU.ActiveCfg = Debug|Any CPU
		{22C19197-E977-494E-8B19-10B144B61B01}.Debug|Any CPU.Build.0 = Debug|Any CPU
		{22C19197-E977-494E-8B19-10B144B61B01}.Release|Any CPU.ActiveCfg = Release|Any CPU
		{22C19197-E977-494E-8B19-10B144B61B01}.Release|Any CPU.Build.0 = Release|Any CPU
		{9A7B67DF-6052-4EE6-AA7B-6606A90D2656}.Debug|Any CPU.ActiveCfg = Debug|Any CPU
		{9A7B67DF-6052-4EE6-AA7B-6606A90D2656}.Debug|Any CPU.Build.0 = Debug|Any CPU
		{9A7B67DF-6052-4EE6-AA7B-6606A90D2656}.Release|Any CPU.ActiveCfg = Release|Any CPU
		{9A7B67DF-6052-4EE6-AA7B-6606A90D2656}.Release|Any CPU.Build.0 = Release|Any CPU
		{ACB1C89F-D5E6-486C-9D85-C68BC2CF5A87}.Debug|Any CPU.ActiveCfg = Debug|Any CPU
		{ACB1C89F-D5E6-486C-9D85-C68BC2CF5A87}.Debug|Any CPU.Build.0 = Debug|Any CPU
		{ACB1C89F-D5E6-486C-9D85-C68BC2CF5A87}.Release|Any CPU.ActiveCfg = Release|Any CPU
		{ACB1C89F-D5E6-486C-9D85-C68BC2CF5A87}.Release|Any CPU.Build.0 = Release|Any CPU
		{00E79CC8-DD16-4E66-97C9-5F8F22E7DD61}.Debug|Any CPU.ActiveCfg = Debug|Any CPU
		{00E79CC8-DD16-4E66-97C9-5F8F22E7DD61}.Debug|Any CPU.Build.0 = Debug|Any CPU
		{00E79CC8-DD16-4E66-97C9-5F8F22E7DD61}.Release|Any CPU.ActiveCfg = Release|Any CPU
		{00E79CC8-DD16-4E66-97C9-5F8F22E7DD61}.Release|Any CPU.Build.0 = Release|Any CPU
	EndGlobalSection
	GlobalSection(SolutionProperties) = preSolution
		HideSolutionNode = FALSE
	EndGlobalSection
EndGlobal
